
Microsoft Visual Studio Solution File, Format Version 12.00
# Visual Studio Version 16
VisualStudioVersion = 16.0.31313.79
MinimumVisualStudioVersion = 10.0.40219.1
Project("{FAE04EC0-301F-11D3-BF4B-00C04F79EFBC}") = "TrackerLibrary", "TrackerLibrary\TrackerLibrary.csproj", "{E2A22DCB-60ED-4258-8061-FDA620237E70}"
EndProject
Project("{FAE04EC0-301F-11D3-BF4B-00C04F79EFBC}") = "TrackerUI", "TrackerUI\TrackerUI.csproj", "{F1C74998-13E6-416B-BBAE-9F3DFAC676D2}"
EndProject
Project("{00D1A9C2-B5F0-4AF3-8072-F6C62B433612}") = "TrackerData", "TrackerData\TrackerData.sqlproj", "{7B36DBBF-2639-4D62-B9C3-00B5C7877D0C}"
EndProject
Project("{FAE04EC0-301F-11D3-BF4B-00C04F79EFBC}") = "NCAA UI", "NCAA UI\NCAA UI.csproj", "{EC311562-81EE-4273-8718-073E505205E2}"
EndProject
Global
	GlobalSection(SolutionConfigurationPlatforms) = preSolution
		Debug|Any CPU = Debug|Any CPU
		Release|Any CPU = Release|Any CPU
	EndGlobalSection
	GlobalSection(ProjectConfigurationPlatforms) = postSolution
		{E2A22DCB-60ED-4258-8061-FDA620237E70}.Debug|Any CPU.ActiveCfg = Debug|Any CPU
		{E2A22DCB-60ED-4258-8061-FDA620237E70}.Debug|Any CPU.Build.0 = Debug|Any CPU
		{E2A22DCB-60ED-4258-8061-FDA620237E70}.Release|Any CPU.ActiveCfg = Release|Any CPU
		{E2A22DCB-60ED-4258-8061-FDA620237E70}.Release|Any CPU.Build.0 = Release|Any CPU
		{F1C74998-13E6-416B-BBAE-9F3DFAC676D2}.Debug|Any CPU.ActiveCfg = Debug|Any CPU
		{F1C74998-13E6-416B-BBAE-9F3DFAC676D2}.Debug|Any CPU.Build.0 = Debug|Any CPU
		{F1C74998-13E6-416B-BBAE-9F3DFAC676D2}.Release|Any CPU.ActiveCfg = Release|Any CPU
		{F1C74998-13E6-416B-BBAE-9F3DFAC676D2}.Release|Any CPU.Build.0 = Release|Any CPU
		{7B36DBBF-2639-4D62-B9C3-00B5C7877D0C}.Debug|Any CPU.ActiveCfg = Debug|Any CPU
		{7B36DBBF-2639-4D62-B9C3-00B5C7877D0C}.Debug|Any CPU.Build.0 = Debug|Any CPU
		{7B36DBBF-2639-4D62-B9C3-00B5C7877D0C}.Debug|Any CPU.Deploy.0 = Debug|Any CPU
		{7B36DBBF-2639-4D62-B9C3-00B5C7877D0C}.Release|Any CPU.ActiveCfg = Release|Any CPU
		{7B36DBBF-2639-4D62-B9C3-00B5C7877D0C}.Release|Any CPU.Build.0 = Release|Any CPU
		{7B36DBBF-2639-4D62-B9C3-00B5C7877D0C}.Release|Any CPU.Deploy.0 = Release|Any CPU
		{EC311562-81EE-4273-8718-073E505205E2}.Debug|Any CPU.ActiveCfg = Debug|Any CPU
		{EC311562-81EE-4273-8718-073E505205E2}.Debug|Any CPU.Build.0 = Debug|Any CPU
		{EC311562-81EE-4273-8718-073E505205E2}.Release|Any CPU.ActiveCfg = Release|Any CPU
		{EC311562-81EE-4273-8718-073E505205E2}.Release|Any CPU.Build.0 = Release|Any CPU
	EndGlobalSection
	GlobalSection(SolutionProperties) = preSolution
		HideSolutionNode = FALSE
	EndGlobalSection
	GlobalSection(ExtensibilityGlobals) = postSolution
		SolutionGuid = {1B0D824C-35C9-46CD-AF77-7C77931B15D1}
	EndGlobalSection
EndGlobal
